
Microsoft Visual Studio Solution File, Format Version 12.00
# Visual Studio 2013
VisualStudioVersion = 12.0.21005.1
MinimumVisualStudioVersion = 10.0.40219.1
Project("{FAE04EC0-301F-11D3-BF4B-00C04F79EFBC}") = "AngularJS_MarkRendleTutorial", "AngularJS_MarkRendleTutorial\AngularJS_MarkRendleTutorial.csproj", "{20B81758-7365-436F-BB0D-5931A1D7091C}"
EndProject
Project("{FAE04EC0-301F-11D3-BF4B-00C04F79EFBC}") = "BedAndBroadbandServices", "BedAndBroadbandServices\BedAndBroadbandServices.csproj", "{89A2AD68-4E5B-4F92-BB2F-39B6E2F63183}"
EndProject
Global
	GlobalSection(SolutionConfigurationPlatforms) = preSolution
		Debug|Any CPU = Debug|Any CPU
		Release|Any CPU = Release|Any CPU
	EndGlobalSection
	GlobalSection(ProjectConfigurationPlatforms) = postSolution
		{20B81758-7365-436F-BB0D-5931A1D7091C}.Debug|Any CPU.ActiveCfg = Debug|Any CPU
		{20B81758-7365-436F-BB0D-5931A1D7091C}.Debug|Any CPU.Build.0 = Debug|Any CPU
		{20B81758-7365-436F-BB0D-5931A1D7091C}.Release|Any CPU.ActiveCfg = Release|Any CPU
		{20B81758-7365-436F-BB0D-5931A1D7091C}.Release|Any CPU.Build.0 = Release|Any CPU
		{89A2AD68-4E5B-4F92-BB2F-39B6E2F63183}.Debug|Any CPU.ActiveCfg = Debug|Any CPU
		{89A2AD68-4E5B-4F92-BB2F-39B6E2F63183}.Debug|Any CPU.Build.0 = Debug|Any CPU
		{89A2AD68-4E5B-4F92-BB2F-39B6E2F63183}.Release|Any CPU.ActiveCfg = Release|Any CPU
		{89A2AD68-4E5B-4F92-BB2F-39B6E2F63183}.Release|Any CPU.Build.0 = Release|Any CPU
	EndGlobalSection
	GlobalSection(SolutionProperties) = preSolution
		HideSolutionNode = FALSE
	EndGlobalSection
EndGlobal
